
Microsoft Visual Studio Solution File, Format Version 12.00
# Visual Studio 15
VisualStudioVersion = 15.0.28307.489
MinimumVisualStudioVersion = 10.0.40219.1
Project("{FAE04EC0-301F-11D3-BF4B-00C04F79EFBC}") = "gerador de html", "gerador de html\gerador de html.csproj", "{3B8A1DEE-D1F0-4D06-AFCF-8013DAF522E6}"
EndProject
Global
	GlobalSection(SolutionConfigurationPlatforms) = preSolution
		Debug|Any CPU = Debug|Any CPU
		Release|Any CPU = Release|Any CPU
	EndGlobalSection
	GlobalSection(ProjectConfigurationPlatforms) = postSolution
		{3B8A1DEE-D1F0-4D06-AFCF-8013DAF522E6}.Debug|Any CPU.ActiveCfg = Debug|Any CPU
		{3B8A1DEE-D1F0-4D06-AFCF-8013DAF522E6}.Debug|Any CPU.Build.0 = Debug|Any CPU
		{3B8A1DEE-D1F0-4D06-AFCF-8013DAF522E6}.Release|Any CPU.ActiveCfg = Release|Any CPU
		{3B8A1DEE-D1F0-4D06-AFCF-8013DAF522E6}.Release|Any CPU.Build.0 = Release|Any CPU
	EndGlobalSection
	GlobalSection(SolutionProperties) = preSolution
		HideSolutionNode = FALSE
	EndGlobalSection
	GlobalSection(ExtensibilityGlobals) = postSolution
		SolutionGuid = {0387192B-BEF6-43CE-843A-39F318967B31}
	EndGlobalSection
EndGlobal
